
Microsoft Visual Studio Solution File, Format Version 12.00
# Visual Studio Version 17
VisualStudioVersion = 17.3.32929.385
MinimumVisualStudioVersion = 10.0.40219.1
Project("{FAE04EC0-301F-11D3-BF4B-00C04F79EFBC}") = "EmployeeManagementApplication", "EmployeeManagementApplication\EmployeeManagementApplication.csproj", "{7C757892-1078-44AC-B8D3-28749F21E57C}"
EndProject
Global
	GlobalSection(SolutionConfigurationPlatforms) = preSolution
		Debug|Any CPU = Debug|Any CPU
		Release|Any CPU = Release|Any CPU
	EndGlobalSection
	GlobalSection(ProjectConfigurationPlatforms) = postSolution
		{7C757892-1078-44AC-B8D3-28749F21E57C}.Debug|Any CPU.ActiveCfg = Debug|Any CPU
		{7C757892-1078-44AC-B8D3-28749F21E57C}.Debug|Any CPU.Build.0 = Debug|Any CPU
		{7C757892-1078-44AC-B8D3-28749F21E57C}.Release|Any CPU.ActiveCfg = Release|Any CPU
		{7C757892-1078-44AC-B8D3-28749F21E57C}.Release|Any CPU.Build.0 = Release|Any CPU
	EndGlobalSection
	GlobalSection(SolutionProperties) = preSolution
		HideSolutionNode = FALSE
	EndGlobalSection
	GlobalSection(ExtensibilityGlobals) = postSolution
		SolutionGuid = {51879302-A433-4BC5-B31F-430BA99DC2E3}
	EndGlobalSection
EndGlobal
